
Microsoft Visual Studio Solution File, Format Version 12.00
# Visual Studio Version 17
VisualStudioVersion = 17.10.35122.118
MinimumVisualStudioVersion = 10.0.40219.1
Project("{FAE04EC0-301F-11D3-BF4B-00C04F79EFBC}") = "DI_ASP_MVC_Core1_CarDemo", "DI_ASP_MVC_Core1_CarDemo\DI_ASP_MVC_Core1_CarDemo.csproj", "{C0FF9735-8603-4C21-B930-12FBA46BD970}"
EndProject
Global
	GlobalSection(SolutionConfigurationPlatforms) = preSolution
		Debug|Any CPU = Debug|Any CPU
		Release|Any CPU = Release|Any CPU
	EndGlobalSection
	GlobalSection(ProjectConfigurationPlatforms) = postSolution
		{C0FF9735-8603-4C21-B930-12FBA46BD970}.Debug|Any CPU.ActiveCfg = Debug|Any CPU
		{C0FF9735-8603-4C21-B930-12FBA46BD970}.Debug|Any CPU.Build.0 = Debug|Any CPU
		{C0FF9735-8603-4C21-B930-12FBA46BD970}.Release|Any CPU.ActiveCfg = Release|Any CPU
		{C0FF9735-8603-4C21-B930-12FBA46BD970}.Release|Any CPU.Build.0 = Release|Any CPU
	EndGlobalSection
	GlobalSection(SolutionProperties) = preSolution
		HideSolutionNode = FALSE
	EndGlobalSection
	GlobalSection(ExtensibilityGlobals) = postSolution
		SolutionGuid = {2454836F-9D33-48A3-B67C-9AD7BF901B3C}
	EndGlobalSection
EndGlobal
